// !$*UTF8*$!
{
	archiveVersion = 1;
	classes = {
	};
	objectVersion = 55;
	objects = {

/* Begin PBXBuildFile section */
		FAF7380527F82F7700E418C0 /* AppDelegate.swift in Sources */ = {isa = PBXBuildFile; fileRef = FAF7380427F82F7700E418C0 /* AppDelegate.swift */; };
		FAF7380727F82F7700E418C0 /* SceneDelegate.swift in Sources */ = {isa = PBXBuildFile; fileRef = FAF7380627F82F7700E418C0 /* SceneDelegate.swift */; };
		FAF7380C27F82F7700E418C0 /* Main.storyboard in Resources */ = {isa = PBXBuildFile; fileRef = FAF7380A27F82F7700E418C0 /* Main.storyboard */; };
		FAF7380E27F82F7900E418C0 /* Assets.xcassets in Resources */ = {isa = PBXBuildFile; fileRef = FAF7380D27F82F7900E418C0 /* Assets.xcassets */; };
		FAF7381127F82F7900E418C0 /* LaunchScreen.storyboard in Resources */ = {isa = PBXBuildFile; fileRef = FAF7380F27F82F7900E418C0 /* LaunchScreen.storyboard */; };
		FAF7381D27F88AD000E418C0 /* Environment.swift in Sources */ = {isa = PBXBuildFile; fileRef = FAF7381C27F88AD000E418C0 /* Environment.swift */; };
		FAF7381F27F88BA400E418C0 /* Collection.swift in Sources */ = {isa = PBXBuildFile; fileRef = FAF7381E27F88BA400E418C0 /* Collection.swift */; };
		FAF7382127F88C9400E418C0 /* TableView.swift in Sources */ = {isa = PBXBuildFile; fileRef = FAF7382027F88C9400E418C0 /* TableView.swift */; };
		FAF7382527F88D4800E418C0 /* ImageView.swift in Sources */ = {isa = PBXBuildFile; fileRef = FAF7382427F88D4800E418C0 /* ImageView.swift */; };
		FAF7382727F88EE100E418C0 /* String.swift in Sources */ = {isa = PBXBuildFile; fileRef = FAF7382627F88EE100E418C0 /* String.swift */; };
		FAF7382B27F88FD300E418C0 /* Service.swift in Sources */ = {isa = PBXBuildFile; fileRef = FAF7382827F88FD300E418C0 /* Service.swift */; };
		FAF7382C27F88FD300E418C0 /* ServiceProvider.swift in Sources */ = {isa = PBXBuildFile; fileRef = FAF7382927F88FD300E418C0 /* ServiceProvider.swift */; };
		FAF7382D27F88FD300E418C0 /* Exercise.swift in Sources */ = {isa = PBXBuildFile; fileRef = FAF7382A27F88FD300E418C0 /* Exercise.swift */; };
		FAF7383027FB1B8B00E418C0 /* ExerciseModel.swift in Sources */ = {isa = PBXBuildFile; fileRef = FAF7382F27FB1B8B00E418C0 /* ExerciseModel.swift */; };
		FAF7383227FB1E4B00E418C0 /* ExerciseListViewController.swift in Sources */ = {isa = PBXBuildFile; fileRef = FAF7383127FB1E4B00E418C0 /* ExerciseListViewController.swift */; };
		FAF7383427FB1F0D00E418C0 /* ExerciseViewModel.swift in Sources */ = {isa = PBXBuildFile; fileRef = FAF7383327FB1F0D00E418C0 /* ExerciseViewModel.swift */; };
		FAF7383627FB22D400E418C0 /* ExerciseListDataSource.swift in Sources */ = {isa = PBXBuildFile; fileRef = FAF7383527FB22D400E418C0 /* ExerciseListDataSource.swift */; };
		FAF7383927FB238000E418C0 /* ExerciseTableViewCell.swift in Sources */ = {isa = PBXBuildFile; fileRef = FAF7383727FB238000E418C0 /* ExerciseTableViewCell.swift */; };
		FAF7383A27FB238000E418C0 /* ExerciseTableViewCell.xib in Resources */ = {isa = PBXBuildFile; fileRef = FAF7383827FB238000E418C0 /* ExerciseTableViewCell.xib */; };
		FAF7383C27FB254800E418C0 /* UIView.swift in Sources */ = {isa = PBXBuildFile; fileRef = FAF7383B27FB254800E418C0 /* UIView.swift */; };
		FAF7383E27FB298000E418C0 /* Registerable.swift in Sources */ = {isa = PBXBuildFile; fileRef = FAF7383D27FB298000E418C0 /* Registerable.swift */; };
		FAF7384027FB2A1A00E418C0 /* Localizable.strings in Resources */ = {isa = PBXBuildFile; fileRef = FAF7383F27FB2A1A00E418C0 /* Localizable.strings */; };
/* End PBXBuildFile section */

/* Begin PBXFileReference section */
		FAF7380127F82F7700E418C0 /* FitnessPartner.app */ = {isa = PBXFileReference; explicitFileType = wrapper.application; includeInIndex = 0; path = FitnessPartner.app; sourceTree = BUILT_PRODUCTS_DIR; };
		FAF7380427F82F7700E418C0 /* AppDelegate.swift */ = {isa = PBXFileReference; lastKnownFileType = sourcecode.swift; path = AppDelegate.swift; sourceTree = "<group>"; };
		FAF7380627F82F7700E418C0 /* SceneDelegate.swift */ = {isa = PBXFileReference; lastKnownFileType = sourcecode.swift; path = SceneDelegate.swift; sourceTree = "<group>"; };
		FAF7380B27F82F7700E418C0 /* Base */ = {isa = PBXFileReference; lastKnownFileType = file.storyboard; name = Base; path = Base.lproj/Main.storyboard; sourceTree = "<group>"; };
		FAF7380D27F82F7900E418C0 /* Assets.xcassets */ = {isa = PBXFileReference; lastKnownFileType = folder.assetcatalog; path = Assets.xcassets; sourceTree = "<group>"; };
		FAF7381027F82F7900E418C0 /* Base */ = {isa = PBXFileReference; lastKnownFileType = file.storyboard; name = Base; path = Base.lproj/LaunchScreen.storyboard; sourceTree = "<group>"; };
		FAF7381227F82F7900E418C0 /* Info.plist */ = {isa = PBXFileReference; lastKnownFileType = text.plist.xml; path = Info.plist; sourceTree = "<group>"; };
		FAF7381C27F88AD000E418C0 /* Environment.swift */ = {isa = PBXFileReference; fileEncoding = 4; lastKnownFileType = sourcecode.swift; path = Environment.swift; sourceTree = "<group>"; };
		FAF7381E27F88BA400E418C0 /* Collection.swift */ = {isa = PBXFileReference; fileEncoding = 4; lastKnownFileType = sourcecode.swift; path = Collection.swift; sourceTree = "<group>"; };
		FAF7382027F88C9400E418C0 /* TableView.swift */ = {isa = PBXFileReference; fileEncoding = 4; lastKnownFileType = sourcecode.swift; path = TableView.swift; sourceTree = "<group>"; };
		FAF7382427F88D4800E418C0 /* ImageView.swift */ = {isa = PBXFileReference; fileEncoding = 4; lastKnownFileType = sourcecode.swift; path = ImageView.swift; sourceTree = "<group>"; };
		FAF7382627F88EE100E418C0 /* String.swift */ = {isa = PBXFileReference; lastKnownFileType = sourcecode.swift; path = String.swift; sourceTree = "<group>"; };
		FAF7382827F88FD300E418C0 /* Service.swift */ = {isa = PBXFileReference; fileEncoding = 4; lastKnownFileType = sourcecode.swift; path = Service.swift; sourceTree = "<group>"; };
		FAF7382927F88FD300E418C0 /* ServiceProvider.swift */ = {isa = PBXFileReference; fileEncoding = 4; lastKnownFileType = sourcecode.swift; path = ServiceProvider.swift; sourceTree = "<group>"; };
		FAF7382A27F88FD300E418C0 /* Exercise.swift */ = {isa = PBXFileReference; fileEncoding = 4; lastKnownFileType = sourcecode.swift; path = Exercise.swift; sourceTree = "<group>"; };
		FAF7382F27FB1B8B00E418C0 /* ExerciseModel.swift */ = {isa = PBXFileReference; lastKnownFileType = sourcecode.swift; path = ExerciseModel.swift; sourceTree = "<group>"; };
		FAF7383127FB1E4B00E418C0 /* ExerciseListViewController.swift */ = {isa = PBXFileReference; lastKnownFileType = sourcecode.swift; path = ExerciseListViewController.swift; sourceTree = "<group>"; };
		FAF7383327FB1F0D00E418C0 /* ExerciseViewModel.swift */ = {isa = PBXFileReference; lastKnownFileType = sourcecode.swift; path = ExerciseViewModel.swift; sourceTree = "<group>"; };
		FAF7383527FB22D400E418C0 /* ExerciseListDataSource.swift */ = {isa = PBXFileReference; lastKnownFileType = sourcecode.swift; path = ExerciseListDataSource.swift; sourceTree = "<group>"; };
		FAF7383727FB238000E418C0 /* ExerciseTableViewCell.swift */ = {isa = PBXFileReference; lastKnownFileType = sourcecode.swift; path = ExerciseTableViewCell.swift; sourceTree = "<group>"; };
		FAF7383827FB238000E418C0 /* ExerciseTableViewCell.xib */ = {isa = PBXFileReference; lastKnownFileType = file.xib; path = ExerciseTableViewCell.xib; sourceTree = "<group>"; };
		FAF7383B27FB254800E418C0 /* UIView.swift */ = {isa = PBXFileReference; lastKnownFileType = sourcecode.swift; path = UIView.swift; sourceTree = "<group>"; };
		FAF7383D27FB298000E418C0 /* Registerable.swift */ = {isa = PBXFileReference; fileEncoding = 4; lastKnownFileType = sourcecode.swift; path = Registerable.swift; sourceTree = "<group>"; };
		FAF7383F27FB2A1A00E418C0 /* Localizable.strings */ = {isa = PBXFileReference; fileEncoding = 4; lastKnownFileType = text.plist.strings; path = Localizable.strings; sourceTree = "<group>"; };
/* End PBXFileReference section */

/* Begin PBXFrameworksBuildPhase section */
		FAF737FE27F82F7700E418C0 /* Frameworks */ = {
			isa = PBXFrameworksBuildPhase;
			buildActionMask = 2147483647;
			files = (
			);
			runOnlyForDeploymentPostprocessing = 0;
		};
/* End PBXFrameworksBuildPhase section */

/* Begin PBXGroup section */
		FAF737F827F82F7700E418C0 = {
			isa = PBXGroup;
			children = (
				FAF7380327F82F7700E418C0 /* FitnessPartner */,
				FAF7380227F82F7700E418C0 /* Products */,
			);
			sourceTree = "<group>";
		};
		FAF7380227F82F7700E418C0 /* Products */ = {
			isa = PBXGroup;
			children = (
				FAF7380127F82F7700E418C0 /* FitnessPartner.app */,
			);
			name = Products;
			sourceTree = "<group>";
		};
		FAF7380327F82F7700E418C0 /* FitnessPartner */ = {
			isa = PBXGroup;
			children = (
				FAF7380427F82F7700E418C0 /* AppDelegate.swift */,
				FAF7380627F82F7700E418C0 /* SceneDelegate.swift */,
				FAF7381A27F885B700E418C0 /* Controllers */,
				FAF7381827F8859700E418C0 /* Network */,
				FAF7381B27F88AB700E418C0 /* Shared */,
				FAF7381927F885A000E418C0 /* Extensions */,
				FAF7380A27F82F7700E418C0 /* Main.storyboard */,
				FAF7380D27F82F7900E418C0 /* Assets.xcassets */,
				FAF7380F27F82F7900E418C0 /* LaunchScreen.storyboard */,
				FAF7381227F82F7900E418C0 /* Info.plist */,
			);
			path = FitnessPartner;
			sourceTree = "<group>";
		};
		FAF7381827F8859700E418C0 /* Network */ = {
			isa = PBXGroup;
			children = (
				FAF7382827F88FD300E418C0 /* Service.swift */,
				FAF7382927F88FD300E418C0 /* ServiceProvider.swift */,
				FAF7382A27F88FD300E418C0 /* Exercise.swift */,
			);
			path = Network;
			sourceTree = "<group>";
		};
		FAF7381927F885A000E418C0 /* Extensions */ = {
			isa = PBXGroup;
			children = (
				FAF7382027F88C9400E418C0 /* TableView.swift */,
				FAF7382427F88D4800E418C0 /* ImageView.swift */,
				FAF7381E27F88BA400E418C0 /* Collection.swift */,
				FAF7382627F88EE100E418C0 /* String.swift */,
				FAF7383B27FB254800E418C0 /* UIView.swift */,
			);
			path = Extensions;
			sourceTree = "<group>";
		};
		FAF7381A27F885B700E418C0 /* Controllers */ = {
			isa = PBXGroup;
			children = (
				FAF7382E27FB1B6700E418C0 /* ExerciseViewController */,
				FAF7384127FC59B700E418C0 /* ExerciseDetailView */,
			);
			path = Controllers;
			sourceTree = "<group>";
		};
		FAF7381B27F88AB700E418C0 /* Shared */ = {
			isa = PBXGroup;
			children = (
				FAF7383D27FB298000E418C0 /* Registerable.swift */,
				FAF7383F27FB2A1A00E418C0 /* Localizable.strings */,
				FAF7381C27F88AD000E418C0 /* Environment.swift */,
			);
			path = Shared;
			sourceTree = "<group>";
		};
		FAF7382E27FB1B6700E418C0 /* ExerciseViewController */ = {
			isa = PBXGroup;
			children = (
				FAF7382F27FB1B8B00E418C0 /* ExerciseModel.swift */,
				FAF7383127FB1E4B00E418C0 /* ExerciseListViewController.swift */,
				FAF7383327FB1F0D00E418C0 /* ExerciseViewModel.swift */,
				FAF7383527FB22D400E418C0 /* ExerciseListDataSource.swift */,
				FAF7383727FB238000E418C0 /* ExerciseTableViewCell.swift */,
				FAF7383827FB238000E418C0 /* ExerciseTableViewCell.xib */,
			);
			path = ExerciseViewController;
			sourceTree = "<group>";
		};
		FAF7384127FC59B700E418C0 /* ExerciseDetailView */ = {
			isa = PBXGroup;
			children = (
			);
			path = ExerciseDetailView;
			sourceTree = "<group>";
		};
/* End PBXGroup section */

/* Begin PBXNativeTarget section */
		FAF7380027F82F7700E418C0 /* FitnessPartner */ = {
			isa = PBXNativeTarget;
			buildConfigurationList = FAF7381527F82F7900E418C0 /* Build configuration list for PBXNativeTarget "FitnessPartner" */;
			buildPhases = (
				FAF737FD27F82F7700E418C0 /* Sources */,
				FAF737FE27F82F7700E418C0 /* Frameworks */,
				FAF737FF27F82F7700E418C0 /* Resources */,
			);
			buildRules = (
			);
			dependencies = (
			);
			name = FitnessPartner;
			productName = FitnessPartner;
			productReference = FAF7380127F82F7700E418C0 /* FitnessPartner.app */;
			productType = "com.apple.product-type.application";
		};
/* End PBXNativeTarget section */

/* Begin PBXProject section */
		FAF737F927F82F7700E418C0 /* Project object */ = {
			isa = PBXProject;
			attributes = {
				BuildIndependentTargetsInParallel = 1;
				LastSwiftUpdateCheck = 1310;
				LastUpgradeCheck = 1310;
				TargetAttributes = {
					FAF7380027F82F7700E418C0 = {
						CreatedOnToolsVersion = 13.1;
					};
				};
			};
			buildConfigurationList = FAF737FC27F82F7700E418C0 /* Build configuration list for PBXProject "FitnessPartner" */;
			compatibilityVersion = "Xcode 13.0";
			developmentRegion = en;
			hasScannedForEncodings = 0;
			knownRegions = (
				en,
				Base,
			);
			mainGroup = FAF737F827F82F7700E418C0;
			productRefGroup = FAF7380227F82F7700E418C0 /* Products */;
			projectDirPath = "";
			projectRoot = "";
			targets = (
				FAF7380027F82F7700E418C0 /* FitnessPartner */,
			);
		};
/* End PBXProject section */

/* Begin PBXResourcesBuildPhase section */
		FAF737FF27F82F7700E418C0 /* Resources */ = {
			isa = PBXResourcesBuildPhase;
			buildActionMask = 2147483647;
			files = (
				FAF7384027FB2A1A00E418C0 /* Localizable.strings in Resources */,
				FAF7381127F82F7900E418C0 /* LaunchScreen.storyboard in Resources */,
				FAF7383A27FB238000E418C0 /* ExerciseTableViewCell.xib in Resources */,
				FAF7380E27F82F7900E418C0 /* Assets.xcassets in Resources */,
				FAF7380C27F82F7700E418C0 /* Main.storyboard in Resources */,
			);
			runOnlyForDeploymentPostprocessing = 0;
		};
/* End PBXResourcesBuildPhase section */

/* Begin PBXSourcesBuildPhase section */
		FAF737FD27F82F7700E418C0 /* Sources */ = {
			isa = PBXSourcesBuildPhase;
			buildActionMask = 2147483647;
			files = (
				FAF7382D27F88FD300E418C0 /* Exercise.swift in Sources */,
				FAF7382527F88D4800E418C0 /* ImageView.swift in Sources */,
				FAF7382727F88EE100E418C0 /* String.swift in Sources */,
				FAF7383E27FB298000E418C0 /* Registerable.swift in Sources */,
				FAF7383027FB1B8B00E418C0 /* ExerciseModel.swift in Sources */,
				FAF7383627FB22D400E418C0 /* ExerciseListDataSource.swift in Sources */,
				FAF7383427FB1F0D00E418C0 /* ExerciseViewModel.swift in Sources */,
				FAF7382127F88C9400E418C0 /* TableView.swift in Sources */,
				FAF7381F27F88BA400E418C0 /* Collection.swift in Sources */,
				FAF7381D27F88AD000E418C0 /* Environment.swift in Sources */,
				FAF7382B27F88FD300E418C0 /* Service.swift in Sources */,
				FAF7380527F82F7700E418C0 /* AppDelegate.swift in Sources */,
				FAF7382C27F88FD300E418C0 /* ServiceProvider.swift in Sources */,
				FAF7383927FB238000E418C0 /* ExerciseTableViewCell.swift in Sources */,
				FAF7383227FB1E4B00E418C0 /* ExerciseListViewController.swift in Sources */,
				FAF7383C27FB254800E418C0 /* UIView.swift in Sources */,
				FAF7380727F82F7700E418C0 /* SceneDelegate.swift in Sources */,
			);
			runOnlyForDeploymentPostprocessing = 0;
		};
/* End PBXSourcesBuildPhase section */

/* Begin PBXVariantGroup section */
		FAF7380A27F82F7700E418C0 /* Main.storyboard */ = {
			isa = PBXVariantGroup;
			children = (
				FAF7380B27F82F7700E418C0 /* Base */,
			);
			name = Main.storyboard;
			sourceTree = "<group>";
		};
		FAF7380F27F82F7900E418C0 /* LaunchScreen.storyboard */ = {
			isa = PBXVariantGroup;
			children = (
				FAF7381027F82F7900E418C0 /* Base */,
			);
			name = LaunchScreen.storyboard;
			sourceTree = "<group>";
		};
/* End PBXVariantGroup section */

/* Begin XCBuildConfiguration section */
		FAF7381327F82F7900E418C0 /* Debug */ = {
			isa = XCBuildConfiguration;
			buildSettings = {
				ALWAYS_SEARCH_USER_PATHS = NO;
				CLANG_ANALYZER_NONNULL = YES;
				CLANG_ANALYZER_NUMBER_OBJECT_CONVERSION = YES_AGGRESSIVE;
				CLANG_CXX_LANGUAGE_STANDARD = "gnu++17";
				CLANG_CXX_LIBRARY = "libc++";
				CLANG_ENABLE_MODULES = YES;
				CLANG_ENABLE_OBJC_ARC = YES;
				CLANG_ENABLE_OBJC_WEAK = YES;
				CLANG_WARN_BLOCK_CAPTURE_AUTORELEASING = YES;
				CLANG_WARN_BOOL_CONVERSION = YES;
				CLANG_WARN_COMMA = YES;
				CLANG_WARN_CONSTANT_CONVERSION = YES;
				CLANG_WARN_DEPRECATED_OBJC_IMPLEMENTATIONS = YES;
				CLANG_WARN_DIRECT_OBJC_ISA_USAGE = YES_ERROR;
				CLANG_WARN_DOCUMENTATION_COMMENTS = YES;
				CLANG_WARN_EMPTY_BODY = YES;
				CLANG_WARN_ENUM_CONVERSION = YES;
				CLANG_WARN_INFINITE_RECURSION = YES;
				CLANG_WARN_INT_CONVERSION = YES;
				CLANG_WARN_NON_LITERAL_NULL_CONVERSION = YES;
				CLANG_WARN_OBJC_IMPLICIT_RETAIN_SELF = YES;
				CLANG_WARN_OBJC_LITERAL_CONVERSION = YES;
				CLANG_WARN_OBJC_ROOT_CLASS = YES_ERROR;
				CLANG_WARN_QUOTED_INCLUDE_IN_FRAMEWORK_HEADER = YES;
				CLANG_WARN_RANGE_LOOP_ANALYSIS = YES;
				CLANG_WARN_STRICT_PROTOTYPES = YES;
				CLANG_WARN_SUSPICIOUS_MOVE = YES;
				CLANG_WARN_UNGUARDED_AVAILABILITY = YES_AGGRESSIVE;
				CLANG_WARN_UNREACHABLE_CODE = YES;
				CLANG_WARN__DUPLICATE_METHOD_MATCH = YES;
				COPY_PHASE_STRIP = NO;
				DEBUG_INFORMATION_FORMAT = dwarf;
				ENABLE_STRICT_OBJC_MSGSEND = YES;
				ENABLE_TESTABILITY = YES;
				GCC_C_LANGUAGE_STANDARD = gnu11;
				GCC_DYNAMIC_NO_PIC = NO;
				GCC_NO_COMMON_BLOCKS = YES;
				GCC_OPTIMIZATION_LEVEL = 0;
				GCC_PREPROCESSOR_DEFINITIONS = (
					"DEBUG=1",
					"$(inherited)",
				);
				GCC_WARN_64_TO_32_BIT_CONVERSION = YES;
				GCC_WARN_ABOUT_RETURN_TYPE = YES_ERROR;
				GCC_WARN_UNDECLARED_SELECTOR = YES;
				GCC_WARN_UNINITIALIZED_AUTOS = YES_AGGRESSIVE;
				GCC_WARN_UNUSED_FUNCTION = YES;
				GCC_WARN_UNUSED_VARIABLE = YES;
				IPHONEOS_DEPLOYMENT_TARGET = 15.0;
				MTL_ENABLE_DEBUG_INFO = INCLUDE_SOURCE;
				MTL_FAST_MATH = YES;
				ONLY_ACTIVE_ARCH = YES;
				SDKROOT = iphoneos;
				SWIFT_ACTIVE_COMPILATION_CONDITIONS = DEBUG;
				SWIFT_OPTIMIZATION_LEVEL = "-Onone";
			};
			name = Debug;
		};
		FAF7381427F82F7900E418C0 /* Release */ = {
			isa = XCBuildConfiguration;
			buildSettings = {
				ALWAYS_SEARCH_USER_PATHS = NO;
				CLANG_ANALYZER_NONNULL = YES;
				CLANG_ANALYZER_NUMBER_OBJECT_CONVERSION = YES_AGGRESSIVE;
				CLANG_CXX_LANGUAGE_STANDARD = "gnu++17";
				CLANG_CXX_LIBRARY = "libc++";
				CLANG_ENABLE_MODULES = YES;
				CLANG_ENABLE_OBJC_ARC = YES;
				CLANG_ENABLE_OBJC_WEAK = YES;
				CLANG_WARN_BLOCK_CAPTURE_AUTORELEASING = YES;
				CLANG_WARN_BOOL_CONVERSION = YES;
				CLANG_WARN_COMMA = YES;
				CLANG_WARN_CONSTANT_CONVERSION = YES;
				CLANG_WARN_DEPRECATED_OBJC_IMPLEMENTATIONS = YES;
				CLANG_WARN_DIRECT_OBJC_ISA_USAGE = YES_ERROR;
				CLANG_WARN_DOCUMENTATION_COMMENTS = YES;
				CLANG_WARN_EMPTY_BODY = YES;
				CLANG_WARN_ENUM_CONVERSION = YES;
				CLANG_WARN_INFINITE_RECURSION = YES;
				CLANG_WARN_INT_CONVERSION = YES;
				CLANG_WARN_NON_LITERAL_NULL_CONVERSION = YES;
				CLANG_WARN_OBJC_IMPLICIT_RETAIN_SELF = YES;
				CLANG_WARN_OBJC_LITERAL_CONVERSION = YES;
				CLANG_WARN_OBJC_ROOT_CLASS = YES_ERROR;
				CLANG_WARN_QUOTED_INCLUDE_IN_FRAMEWORK_HEADER = YES;
				CLANG_WARN_RANGE_LOOP_ANALYSIS = YES;
				CLANG_WARN_STRICT_PROTOTYPES = YES;
				CLANG_WARN_SUSPICIOUS_MOVE = YES;
				CLANG_WARN_UNGUARDED_AVAILABILITY = YES_AGGRESSIVE;
				CLANG_WARN_UNREACHABLE_CODE = YES;
				CLANG_WARN__DUPLICATE_METHOD_MATCH = YES;
				COPY_PHASE_STRIP = NO;
				DEBUG_INFORMATION_FORMAT = "dwarf-with-dsym";
				ENABLE_NS_ASSERTIONS = NO;
				ENABLE_STRICT_OBJC_MSGSEND = YES;
				GCC_C_LANGUAGE_STANDARD = gnu11;
				GCC_NO_COMMON_BLOCKS = YES;
				GCC_WARN_64_TO_32_BIT_CONVERSION = YES;
				GCC_WARN_ABOUT_RETURN_TYPE = YES_ERROR;
				GCC_WARN_UNDECLARED_SELECTOR = YES;
				GCC_WARN_UNINITIALIZED_AUTOS = YES_AGGRESSIVE;
				GCC_WARN_UNUSED_FUNCTION = YES;
				GCC_WARN_UNUSED_VARIABLE = YES;
				IPHONEOS_DEPLOYMENT_TARGET = 15.0;
				MTL_ENABLE_DEBUG_INFO = NO;
				MTL_FAST_MATH = YES;
				SDKROOT = iphoneos;
				SWIFT_COMPILATION_MODE = wholemodule;
				SWIFT_OPTIMIZATION_LEVEL = "-O";
				VALIDATE_PRODUCT = YES;
			};
			name = Release;
		};
		FAF7381627F82F7900E418C0 /* Debug */ = {
			isa = XCBuildConfiguration;
			buildSettings = {
				ASSETCATALOG_COMPILER_APPICON_NAME = AppIcon;
				ASSETCATALOG_COMPILER_GLOBAL_ACCENT_COLOR_NAME = AccentColor;
				CODE_SIGN_STYLE = Automatic;
				CURRENT_PROJECT_VERSION = 1;
				DEVELOPMENT_TEAM = TB7Y6J97SQ;
				GENERATE_INFOPLIST_FILE = YES;
				INFOPLIST_FILE = FitnessPartner/Info.plist;
				INFOPLIST_KEY_UIApplicationSupportsIndirectInputEvents = YES;
				INFOPLIST_KEY_UILaunchStoryboardName = LaunchScreen;
				INFOPLIST_KEY_UIMainStoryboardFile = Main;
				INFOPLIST_KEY_UISupportedInterfaceOrientations_iPad = "UIInterfaceOrientationPortrait UIInterfaceOrientationPortraitUpsideDown UIInterfaceOrientationLandscapeLeft UIInterfaceOrientationLandscapeRight";
				INFOPLIST_KEY_UISupportedInterfaceOrientations_iPhone = "UIInterfaceOrientationPortrait UIInterfaceOrientationLandscapeLeft UIInterfaceOrientationLandscapeRight";
				IPHONEOS_DEPLOYMENT_TARGET = 14.0;
				LD_RUNPATH_SEARCH_PATHS = (
					"$(inherited)",
					"@executable_path/Frameworks",
				);
				MARKETING_VERSION = 1.0;
				PRODUCT_BUNDLE_IDENTIFIER = com.ahsan.FitnessPartner;
				PRODUCT_NAME = "$(TARGET_NAME)";
				SWIFT_EMIT_LOC_STRINGS = YES;
				SWIFT_VERSION = 5.0;
				TARGETED_DEVICE_FAMILY = "1,2";
			};
			name = Debug;
		};
		FAF7381727F82F7900E418C0 /* Release */ = {
			isa = XCBuildConfiguration;
			buildSettings = {
				ASSETCATALOG_COMPILER_APPICON_NAME = AppIcon;
				ASSETCATALOG_COMPILER_GLOBAL_ACCENT_COLOR_NAME = AccentColor;
				CODE_SIGN_STYLE = Automatic;
				CURRENT_PROJECT_VERSION = 1;
				DEVELOPMENT_TEAM = TB7Y6J97SQ;
				GENERATE_INFOPLIST_FILE = YES;
				INFOPLIST_FILE = FitnessPartner/Info.plist;
				INFOPLIST_KEY_UIApplicationSupportsIndirectInputEvents = YES;
				INFOPLIST_KEY_UILaunchStoryboardName = LaunchScreen;
				INFOPLIST_KEY_UIMainStoryboardFile = Main;
				INFOPLIST_KEY_UISupportedInterfaceOrientations_iPad = "UIInterfaceOrientationPortrait UIInterfaceOrientationPortraitUpsideDown UIInterfaceOrientationLandscapeLeft UIInterfaceOrientationLandscapeRight";
				INFOPLIST_KEY_UISupportedInterfaceOrientations_iPhone = "UIInterfaceOrientationPortrait UIInterfaceOrientationLandscapeLeft UIInterfaceOrientationLandscapeRight";
				IPHONEOS_DEPLOYMENT_TARGET = 14.0;
				LD_RUNPATH_SEARCH_PATHS = (
					"$(inherited)",
					"@executable_path/Frameworks",
				);
				MARKETING_VERSION = 1.0;
				PRODUCT_BUNDLE_IDENTIFIER = com.ahsan.FitnessPartner;
				PRODUCT_NAME = "$(TARGET_NAME)";
				SWIFT_EMIT_LOC_STRINGS = YES;
				SWIFT_VERSION = 5.0;
				TARGETED_DEVICE_FAMILY = "1,2";
			};
			name = Release;
		};
/* End XCBuildConfiguration section */

/* Begin XCConfigurationList section */
		FAF737FC27F82F7700E418C0 /* Build configuration list for PBXProject "FitnessPartner" */ = {
			isa = XCConfigurationList;
			buildConfigurations = (
				FAF7381327F82F7900E418C0 /* Debug */,
				FAF7381427F82F7900E418C0 /* Release */,
			);
			defaultConfigurationIsVisible = 0;
			defaultConfigurationName = Release;
		};
		FAF7381527F82F7900E418C0 /* Build configuration list for PBXNativeTarget "FitnessPartner" */ = {
			isa = XCConfigurationList;
			buildConfigurations = (
				FAF7381627F82F7900E418C0 /* Debug */,
				FAF7381727F82F7900E418C0 /* Release */,
			);
			defaultConfigurationIsVisible = 0;
			defaultConfigurationName = Release;
		};
/* End XCConfigurationList section */
	};
	rootObject = FAF737F927F82F7700E418C0 /* Project object */;
}
